
Microsoft Visual Studio Solution File, Format Version 12.00
Project("{FAE04EC0-301F-11D3-BF4B-00C04F79EFBC}") = "EvalProService", "EvalProService\EvalProService.csproj", "{9995995C-C52E-4E35-A9E3-1A519F2AA764}"
EndProject
Project("{FAE04EC0-301F-11D3-BF4B-00C04F79EFBC}") = "EvalProServiceTest", "EvalProServiceTest\EvalProServiceTest.csproj", "{F92383F7-B614-4032-8891-7E4FDFDBE702}"
EndProject
Global
	GlobalSection(SolutionConfigurationPlatforms) = preSolution
		Debug|Any CPU = Debug|Any CPU
		Debug|x64 = Debug|x64
		Debug|x86 = Debug|x86
		Release|Any CPU = Release|Any CPU
		Release|x64 = Release|x64
		Release|x86 = Release|x86
	EndGlobalSection
	GlobalSection(ProjectConfigurationPlatforms) = postSolution
		{9995995C-C52E-4E35-A9E3-1A519F2AA764}.Debug|Any CPU.ActiveCfg = Debug|Any CPU
		{9995995C-C52E-4E35-A9E3-1A519F2AA764}.Debug|Any CPU.Build.0 = Debug|Any CPU
		{9995995C-C52E-4E35-A9E3-1A519F2AA764}.Debug|x64.ActiveCfg = Debug|Any CPU
		{9995995C-C52E-4E35-A9E3-1A519F2AA764}.Debug|x64.Build.0 = Debug|Any CPU
		{9995995C-C52E-4E35-A9E3-1A519F2AA764}.Debug|x86.ActiveCfg = Debug|Any CPU
		{9995995C-C52E-4E35-A9E3-1A519F2AA764}.Debug|x86.Build.0 = Debug|Any CPU
		{9995995C-C52E-4E35-A9E3-1A519F2AA764}.Release|Any CPU.ActiveCfg = Release|Any CPU
		{9995995C-C52E-4E35-A9E3-1A519F2AA764}.Release|Any CPU.Build.0 = Release|Any CPU
		{9995995C-C52E-4E35-A9E3-1A519F2AA764}.Release|x64.ActiveCfg = Release|Any CPU
		{9995995C-C52E-4E35-A9E3-1A519F2AA764}.Release|x64.Build.0 = Release|Any CPU
		{9995995C-C52E-4E35-A9E3-1A519F2AA764}.Release|x86.ActiveCfg = Release|Any CPU
		{9995995C-C52E-4E35-A9E3-1A519F2AA764}.Release|x86.Build.0 = Release|Any CPU
		{F92383F7-B614-4032-8891-7E4FDFDBE702}.Debug|Any CPU.ActiveCfg = Debug|Any CPU
		{F92383F7-B614-4032-8891-7E4FDFDBE702}.Debug|Any CPU.Build.0 = Debug|Any CPU
		{F92383F7-B614-4032-8891-7E4FDFDBE702}.Debug|x64.ActiveCfg = Debug|Any CPU
		{F92383F7-B614-4032-8891-7E4FDFDBE702}.Debug|x64.Build.0 = Debug|Any CPU
		{F92383F7-B614-4032-8891-7E4FDFDBE702}.Debug|x86.ActiveCfg = Debug|Any CPU
		{F92383F7-B614-4032-8891-7E4FDFDBE702}.Debug|x86.Build.0 = Debug|Any CPU
		{F92383F7-B614-4032-8891-7E4FDFDBE702}.Release|Any CPU.ActiveCfg = Release|Any CPU
		{F92383F7-B614-4032-8891-7E4FDFDBE702}.Release|Any CPU.Build.0 = Release|Any CPU
		{F92383F7-B614-4032-8891-7E4FDFDBE702}.Release|x64.ActiveCfg = Release|Any CPU
		{F92383F7-B614-4032-8891-7E4FDFDBE702}.Release|x64.Build.0 = Release|Any CPU
		{F92383F7-B614-4032-8891-7E4FDFDBE702}.Release|x86.ActiveCfg = Release|Any CPU
		{F92383F7-B614-4032-8891-7E4FDFDBE702}.Release|x86.Build.0 = Release|Any CPU
	EndGlobalSection
	GlobalSection(SolutionProperties) = preSolution
		HideSolutionNode = FALSE
	EndGlobalSection
EndGlobal
